{
  "requires": true,
  "lockfileVersion": 1,
  "dependencies": {
    "clamp": {
      "version": "1.0.1",
      "resolved": "https://registry.npmjs.org/clamp/-/clamp-1.0.1.tgz",
      "integrity": "sha1-ZqDmQBGBbjcZaCj9yMjBRzEshjQ="
    },
    "js-tokens": {
      "version": "4.0.0",
      "resolved": "https://registry.npmjs.org/js-tokens/-/js-tokens-4.0.0.tgz",
      "integrity": "sha512-RdJUflcE3cUzKiMqQgsCu06FPu9UdIJO0beYbPhHN4k6apgJtifcoCtT9bcxOpYBtpD2kCM6Sbzg4CausW/PKQ=="
    },
    "loose-envify": {
      "version": "1.4.0",
      "resolved": "https://registry.npmjs.org/loose-envify/-/loose-envify-1.4.0.tgz",
      "integrity": "sha512-lyuxPGr/Wfhrlem2CL/UcnUc1zcqKAImBDzukY7Y5F/yQiNdko6+fRLevlw1HgMySw7f611UIY408EtxRSoK3Q==",
      "requires": {
        "js-tokens": "^3.0.0 || ^4.0.0"
      }
    },
    "object-assign": {
      "version": "4.1.1",
      "resolved": "https://registry.npmjs.org/object-assign/-/object-assign-4.1.1.tgz",
      "integrity": "sha1-IQmtx5ZYh8/AXLvUQsrIv7s2CGM="
    },
    "prop-types": {
      "version": "15.7.2",
      "resolved": "https://registry.npmjs.org/prop-types/-/prop-types-15.7.2.tgz",
      "integrity": "sha512-8QQikdH7//R2vurIJSutZ1smHYTcLpRWEOlHnzcWHmBYrOGUysKwSsrC89BCiFj3CbrfJ/nXFdJepOVrY1GCHQ==",
      "requires": {
        "loose-envify": "^1.4.0",
        "object-assign": "^4.1.1",
        "react-is": "^16.8.1"
      }
    },
    "react-is": {
      "version": "16.13.1",
      "resolved": "https://registry.npmjs.org/react-is/-/react-is-16.13.1.tgz",
      "integrity": "sha512-24e6ynE2H+OKt4kqsOvNd8kBpV65zoxbA4BVsEOB3ARVWQki/DHzaUoC5KuON/BiccDaCCTZBuOcfZs70kR8bQ=="
    },
    "react-native-image-resizer": {
      "version": "1.4.1",
      "resolved": "https://registry.npmjs.org/react-native-image-resizer/-/react-native-image-resizer-1.4.1.tgz",
      "integrity": "sha512-70xTt2wS/pT37nH0WdzW8L1X5z2sZuFQpFTDrVyqnA9V/ff8vFq0p0vQIYzO3zSBCm3JJP6IUzZRtEtG2eCl4A=="
    },
    "rn-sliding-up-panel": {
      "version": "2.4.4",
      "resolved": "https://registry.npmjs.org/rn-sliding-up-panel/-/rn-sliding-up-panel-2.4.4.tgz",
      "integrity": "sha512-NbvDiDVsRosno1t7BXMnw+ZmusznqNC0R7px9JcJNNLLfIdGmfwpJI+RCFz5t/pDSO2Jql4093W2On+mYLrX8Q==",
      "requires": {
        "clamp": "^1.0.1",
        "prop-types": "^15.7.2"
      }
    }
  }
}
